// !$*UTF8*$!
{
	archiveVersion = 1;
	classes = {
	};
	objectVersion = 46;
	objects = {

/* Begin PBXBuildFile section */
		92D0EDC61BA3E74B0057DBAC /* AppDelegate.swift in Sources */ = {isa = PBXBuildFile; fileRef = 92D0EDC51BA3E74B0057DBAC /* AppDelegate.swift */; };
		92D0EDC81BA3E74B0057DBAC /* ViewController.swift in Sources */ = {isa = PBXBuildFile; fileRef = 92D0EDC71BA3E74B0057DBAC /* ViewController.swift */; };
		92D0EDCB1BA3E74B0057DBAC /* Main.storyboard in Resources */ = {isa = PBXBuildFile; fileRef = 92D0EDC91BA3E74B0057DBAC /* Main.storyboard */; };
		92D0EDCD1BA3E74B0057DBAC /* Images.xcassets in Resources */ = {isa = PBXBuildFile; fileRef = 92D0EDCC1BA3E74B0057DBAC /* Images.xcassets */; };
		92D0EDD01BA3E74B0057DBAC /* LaunchScreen.xib in Resources */ = {isa = PBXBuildFile; fileRef = 92D0EDCE1BA3E74B0057DBAC /* LaunchScreen.xib */; };
		92D0EDDC1BA3E74B0057DBAC /* twitterCloneAppTests.swift in Sources */ = {isa = PBXBuildFile; fileRef = 92D0EDDB1BA3E74B0057DBAC /* twitterCloneAppTests.swift */; };
/* End PBXBuildFile section */

/* Begin PBXContainerItemProxy section */
		92D0EDD61BA3E74B0057DBAC /* PBXContainerItemProxy */ = {
			isa = PBXContainerItemProxy;
			containerPortal = 92D0EDB81BA3E74B0057DBAC /* Project object */;
			proxyType = 1;
			remoteGlobalIDString = 92D0EDBF1BA3E74B0057DBAC;
			remoteInfo = twitterCloneApp;
		};
/* End PBXContainerItemProxy section */

/* Begin PBXFileReference section */
		92D0EDC01BA3E74B0057DBAC /* twitterCloneApp.app */ = {isa = PBXFileReference; explicitFileType = wrapper.application; includeInIndex = 0; path = twitterCloneApp.app; sourceTree = BUILT_PRODUCTS_DIR; };
		92D0EDC41BA3E74B0057DBAC /* Info.plist */ = {isa = PBXFileReference; lastKnownFileType = text.plist.xml; path = Info.plist; sourceTree = "<group>"; };
		92D0EDC51BA3E74B0057DBAC /* AppDelegate.swift */ = {isa = PBXFileReference; lastKnownFileType = sourcecode.swift; path = AppDelegate.swift; sourceTree = "<group>"; };
		92D0EDC71BA3E74B0057DBAC /* ViewController.swift */ = {isa = PBXFileReference; lastKnownFileType = sourcecode.swift; path = ViewController.swift; sourceTree = "<group>"; };
		92D0EDCA1BA3E74B0057DBAC /* Base */ = {isa = PBXFileReference; lastKnownFileType = file.storyboard; name = Base; path = Base.lproj/Main.storyboard; sourceTree = "<group>"; };
		92D0EDCC1BA3E74B0057DBAC /* Images.xcassets */ = {isa = PBXFileReference; lastKnownFileType = folder.assetcatalog; path = Images.xcassets; sourceTree = "<group>"; };
		92D0EDCF1BA3E74B0057DBAC /* Base */ = {isa = PBXFileReference; lastKnownFileType = file.xib; name = Base; path = Base.lproj/LaunchScreen.xib; sourceTree = "<group>"; };
		92D0EDD51BA3E74B0057DBAC /* twitterCloneAppTests.xctest */ = {isa = PBXFileReference; explicitFileType = wrapper.cfbundle; includeInIndex = 0; path = twitterCloneAppTests.xctest; sourceTree = BUILT_PRODUCTS_DIR; };
		92D0EDDA1BA3E74B0057DBAC /* Info.plist */ = {isa = PBXFileReference; lastKnownFileType = text.plist.xml; path = Info.plist; sourceTree = "<group>"; };
		92D0EDDB1BA3E74B0057DBAC /* twitterCloneAppTests.swift */ = {isa = PBXFileReference; lastKnownFileType = sourcecode.swift; path = twitterCloneAppTests.swift; sourceTree = "<group>"; };
/* End PBXFileReference section */

/* Begin PBXFrameworksBuildPhase section */
		92D0EDBD1BA3E74B0057DBAC /* Frameworks */ = {
			isa = PBXFrameworksBuildPhase;
			buildActionMask = 2147483647;
			files = (
			);
			runOnlyForDeploymentPostprocessing = 0;
		};
		92D0EDD21BA3E74B0057DBAC /* Frameworks */ = {
			isa = PBXFrameworksBuildPhase;
			buildActionMask = 2147483647;
			files = (
			);
			runOnlyForDeploymentPostprocessing = 0;
		};
/* End PBXFrameworksBuildPhase section */

/* Begin PBXGroup section */
		92D0EDB71BA3E74B0057DBAC = {
			isa = PBXGroup;
			children = (
				92D0EDC21BA3E74B0057DBAC /* twitterCloneApp */,
				92D0EDD81BA3E74B0057DBAC /* twitterCloneAppTests */,
				92D0EDC11BA3E74B0057DBAC /* Products */,
			);
			sourceTree = "<group>";
		};
		92D0EDC11BA3E74B0057DBAC /* Products */ = {
			isa = PBXGroup;
			children = (
				92D0EDC01BA3E74B0057DBAC /* twitterCloneApp.app */,
				92D0EDD51BA3E74B0057DBAC /* twitterCloneAppTests.xctest */,
			);
			name = Products;
			sourceTree = "<group>";
		};
		92D0EDC21BA3E74B0057DBAC /* twitterCloneApp */ = {
			isa = PBXGroup;
			children = (
				92D0EDC51BA3E74B0057DBAC /* AppDelegate.swift */,
				92D0EDC71BA3E74B0057DBAC /* ViewController.swift */,
				92D0EDC91BA3E74B0057DBAC /* Main.storyboard */,
				92D0EDCC1BA3E74B0057DBAC /* Images.xcassets */,
				92D0EDCE1BA3E74B0057DBAC /* LaunchScreen.xib */,
				92D0EDC31BA3E74B0057DBAC /* Supporting Files */,
			);
			path = twitterCloneApp;
			sourceTree = "<group>";
		};
		92D0EDC31BA3E74B0057DBAC /* Supporting Files */ = {
			isa = PBXGroup;
			children = (
				92D0EDC41BA3E74B0057DBAC /* Info.plist */,
			);
			name = "Supporting Files";
			sourceTree = "<group>";
		};
		92D0EDD81BA3E74B0057DBAC /* twitterCloneAppTests */ = {
			isa = PBXGroup;
			children = (
				92D0EDDB1BA3E74B0057DBAC /* twitterCloneAppTests.swift */,
				92D0EDD91BA3E74B0057DBAC /* Supporting Files */,
			);
			path = twitterCloneAppTests;
			sourceTree = "<group>";
		};
		92D0EDD91BA3E74B0057DBAC /* Supporting Files */ = {
			isa = PBXGroup;
			children = (
				92D0EDDA1BA3E74B0057DBAC /* Info.plist */,
			);
			name = "Supporting Files";
			sourceTree = "<group>";
		};
/* End PBXGroup section */

/* Begin PBXNativeTarget section */
		92D0EDBF1BA3E74B0057DBAC /* twitterCloneApp */ = {
			isa = PBXNativeTarget;
			buildConfigurationList = 92D0EDDF1BA3E74B0057DBAC /* Build configuration list for PBXNativeTarget "twitterCloneApp" */;
			buildPhases = (
				92D0EDBC1BA3E74B0057DBAC /* Sources */,
				92D0EDBD1BA3E74B0057DBAC /* Frameworks */,
				92D0EDBE1BA3E74B0057DBAC /* Resources */,
			);
			buildRules = (
			);
			dependencies = (
			);
			name = twitterCloneApp;
			productName = twitterCloneApp;
			productReference = 92D0EDC01BA3E74B0057DBAC /* twitterCloneApp.app */;
			productType = "com.apple.product-type.application";
		};
		92D0EDD41BA3E74B0057DBAC /* twitterCloneAppTests */ = {
			isa = PBXNativeTarget;
			buildConfigurationList = 92D0EDE21BA3E74B0057DBAC /* Build configuration list for PBXNativeTarget "twitterCloneAppTests" */;
			buildPhases = (
				92D0EDD11BA3E74B0057DBAC /* Sources */,
				92D0EDD21BA3E74B0057DBAC /* Frameworks */,
				92D0EDD31BA3E74B0057DBAC /* Resources */,
			);
			buildRules = (
			);
			dependencies = (
				92D0EDD71BA3E74B0057DBAC /* PBXTargetDependency */,
			);
			name = twitterCloneAppTests;
			productName = twitterCloneAppTests;
			productReference = 92D0EDD51BA3E74B0057DBAC /* twitterCloneAppTests.xctest */;
			productType = "com.apple.product-type.bundle.unit-test";
		};
/* End PBXNativeTarget section */

/* Begin PBXProject section */
		92D0EDB81BA3E74B0057DBAC /* Project object */ = {
			isa = PBXProject;
			attributes = {
				LastUpgradeCheck = 0640;
				ORGANIZATIONNAME = "Yoshi Ishigami";
				TargetAttributes = {
					92D0EDBF1BA3E74B0057DBAC = {
						CreatedOnToolsVersion = 6.4;
					};
					92D0EDD41BA3E74B0057DBAC = {
						CreatedOnToolsVersion = 6.4;
						TestTargetID = 92D0EDBF1BA3E74B0057DBAC;
					};
				};
			};
			buildConfigurationList = 92D0EDBB1BA3E74B0057DBAC /* Build configuration list for PBXProject "twitterCloneApp" */;
			compatibilityVersion = "Xcode 3.2";
			developmentRegion = English;
			hasScannedForEncodings = 0;
			knownRegions = (
				en,
				Base,
			);
			mainGroup = 92D0EDB71BA3E74B0057DBAC;
			productRefGroup = 92D0EDC11BA3E74B0057DBAC /* Products */;
			projectDirPath = "";
			projectRoot = "";
			targets = (
				92D0EDBF1BA3E74B0057DBAC /* twitterCloneApp */,
				92D0EDD41BA3E74B0057DBAC /* twitterCloneAppTests */,
			);
		};
/* End PBXProject section */

/* Begin PBXResourcesBuildPhase section */
		92D0EDBE1BA3E74B0057DBAC /* Resources */ = {
			isa = PBXResourcesBuildPhase;
			buildActionMask = 2147483647;
			files = (
				92D0EDCB1BA3E74B0057DBAC /* Main.storyboard in Resources */,
				92D0EDD01BA3E74B0057DBAC /* LaunchScreen.xib in Resources */,
				92D0EDCD1BA3E74B0057DBAC /* Images.xcassets in Resources */,
			);
			runOnlyForDeploymentPostprocessing = 0;
		};
		92D0EDD31BA3E74B0057DBAC /* Resources */ = {
			isa = PBXResourcesBuildPhase;
			buildActionMask = 2147483647;
			files = (
			);
			runOnlyForDeploymentPostprocessing = 0;
		};
/* End PBXResourcesBuildPhase section */

/* Begin PBXSourcesBuildPhase section */
		92D0EDBC1BA3E74B0057DBAC /* Sources */ = {
			isa = PBXSourcesBuildPhase;
			buildActionMask = 2147483647;
			files = (
				92D0EDC81BA3E74B0057DBAC /* ViewController.swift in Sources */,
				92D0EDC61BA3E74B0057DBAC /* AppDelegate.swift in Sources */,
			);
			runOnlyForDeploymentPostprocessing = 0;
		};
		92D0EDD11BA3E74B0057DBAC /* Sources */ = {
			isa = PBXSourcesBuildPhase;
			buildActionMask = 2147483647;
			files = (
				92D0EDDC1BA3E74B0057DBAC /* twitterCloneAppTests.swift in Sources */,
			);
			runOnlyForDeploymentPostprocessing = 0;
		};
/* End PBXSourcesBuildPhase section */

/* Begin PBXTargetDependency section */
		92D0EDD71BA3E74B0057DBAC /* PBXTargetDependency */ = {
			isa = PBXTargetDependency;
			target = 92D0EDBF1BA3E74B0057DBAC /* twitterCloneApp */;
			targetProxy = 92D0EDD61BA3E74B0057DBAC /* PBXContainerItemProxy */;
		};
/* End PBXTargetDependency section */

/* Begin PBXVariantGroup section */
		92D0EDC91BA3E74B0057DBAC /* Main.storyboard */ = {
			isa = PBXVariantGroup;
			children = (
				92D0EDCA1BA3E74B0057DBAC /* Base */,
			);
			name = Main.storyboard;
			sourceTree = "<group>";
		};
		92D0EDCE1BA3E74B0057DBAC /* LaunchScreen.xib */ = {
			isa = PBXVariantGroup;
			children = (
				92D0EDCF1BA3E74B0057DBAC /* Base */,
			);
			name = LaunchScreen.xib;
			sourceTree = "<group>";
		};
/* End PBXVariantGroup section */

/* Begin XCBuildConfiguration section */
		92D0EDDD1BA3E74B0057DBAC /* Debug */ = {
			isa = XCBuildConfiguration;
			buildSettings = {
				ALWAYS_SEARCH_USER_PATHS = NO;
				CLANG_CXX_LANGUAGE_STANDARD = "gnu++0x";
				CLANG_CXX_LIBRARY = "libc++";
				CLANG_ENABLE_MODULES = YES;
				CLANG_ENABLE_OBJC_ARC = YES;
				CLANG_WARN_BOOL_CONVERSION = YES;
				CLANG_WARN_CONSTANT_CONVERSION = YES;
				CLANG_WARN_DIRECT_OBJC_ISA_USAGE = YES_ERROR;
				CLANG_WARN_EMPTY_BODY = YES;
				CLANG_WARN_ENUM_CONVERSION = YES;
				CLANG_WARN_INT_CONVERSION = YES;
				CLANG_WARN_OBJC_ROOT_CLASS = YES_ERROR;
				CLANG_WARN_UNREACHABLE_CODE = YES;
				CLANG_WARN__DUPLICATE_METHOD_MATCH = YES;
				"CODE_SIGN_IDENTITY[sdk=iphoneos*]" = "iPhone Developer";
				COPY_PHASE_STRIP = NO;
				DEBUG_INFORMATION_FORMAT = "dwarf-with-dsym";
				ENABLE_STRICT_OBJC_MSGSEND = YES;
				GCC_C_LANGUAGE_STANDARD = gnu99;
				GCC_DYNAMIC_NO_PIC = NO;
				GCC_NO_COMMON_BLOCKS = YES;
				GCC_OPTIMIZATION_LEVEL = 0;
				GCC_PREPROCESSOR_DEFINITIONS = (
					"DEBUG=1",
					"$(inherited)",
				);
				GCC_SYMBOLS_PRIVATE_EXTERN = NO;
				GCC_WARN_64_TO_32_BIT_CONVERSION = YES;
				GCC_WARN_ABOUT_RETURN_TYPE = YES_ERROR;
				GCC_WARN_UNDECLARED_SELECTOR = YES;
				GCC_WARN_UNINITIALIZED_AUTOS = YES_AGGRESSIVE;
				GCC_WARN_UNUSED_FUNCTION = YES;
				GCC_WARN_UNUSED_VARIABLE = YES;
				IPHONEOS_DEPLOYMENT_TARGET = 8.4;
				MTL_ENABLE_DEBUG_INFO = YES;
				ONLY_ACTIVE_ARCH = YES;
				SDKROOT = iphoneos;
				SWIFT_OPTIMIZATION_LEVEL = "-Onone";
				TARGETED_DEVICE_FAMILY = "1,2";
			};
			name = Debug;
		};
		92D0EDDE1BA3E74B0057DBAC /* Release */ = {
			isa = XCBuildConfiguration;
			buildSettings = {
				ALWAYS_SEARCH_USER_PATHS = NO;
				CLANG_CXX_LANGUAGE_STANDARD = "gnu++0x";
				CLANG_CXX_LIBRARY = "libc++";
				CLANG_ENABLE_MODULES = YES;
				CLANG_ENABLE_OBJC_ARC = YES;
				CLANG_WARN_BOOL_CONVERSION = YES;
				CLANG_WARN_CONSTANT_CONVERSION = YES;
				CLANG_WARN_DIRECT_OBJC_ISA_USAGE = YES_ERROR;
				CLANG_WARN_EMPTY_BODY = YES;
				CLANG_WARN_ENUM_CONVERSION = YES;
				CLANG_WARN_INT_CONVERSION = YES;
				CLANG_WARN_OBJC_ROOT_CLASS = YES_ERROR;
				CLANG_WARN_UNREACHABLE_CODE = YES;
				CLANG_WARN__DUPLICATE_METHOD_MATCH = YES;
				"CODE_SIGN_IDENTITY[sdk=iphoneos*]" = "iPhone Developer";
				COPY_PHASE_STRIP = NO;
				DEBUG_INFORMATION_FORMAT = "dwarf-with-dsym";
				ENABLE_NS_ASSERTIONS = NO;
				ENABLE_STRICT_OBJC_MSGSEND = YES;
				GCC_C_LANGUAGE_STANDARD = gnu99;
				GCC_NO_COMMON_BLOCKS = YES;
				GCC_WARN_64_TO_32_BIT_CONVERSION = YES;
				GCC_WARN_ABOUT_RETURN_TYPE = YES_ERROR;
				GCC_WARN_UNDECLARED_SELECTOR = YES;
				GCC_WARN_UNINITIALIZED_AUTOS = YES_AGGRESSIVE;
				GCC_WARN_UNUSED_FUNCTION = YES;
				GCC_WARN_UNUSED_VARIABLE = YES;
				IPHONEOS_DEPLOYMENT_TARGET = 8.4;
				MTL_ENABLE_DEBUG_INFO = NO;
				SDKROOT = iphoneos;
				TARGETED_DEVICE_FAMILY = "1,2";
				VALIDATE_PRODUCT = YES;
			};
			name = Release;
		};
		92D0EDE01BA3E74B0057DBAC /* Debug */ = {
			isa = XCBuildConfiguration;
			buildSettings = {
				ASSETCATALOG_COMPILER_APPICON_NAME = AppIcon;
				INFOPLIST_FILE = twitterCloneApp/Info.plist;
				LD_RUNPATH_SEARCH_PATHS = "$(inherited) @executable_path/Frameworks";
				PRODUCT_NAME = "$(TARGET_NAME)";
			};
			name = Debug;
		};
		92D0EDE11BA3E74B0057DBAC /* Release */ = {
			isa = XCBuildConfiguration;
			buildSettings = {
				ASSETCATALOG_COMPILER_APPICON_NAME = AppIcon;
				INFOPLIST_FILE = twitterCloneApp/Info.plist;
				LD_RUNPATH_SEARCH_PATHS = "$(inherited) @executable_path/Frameworks";
				PRODUCT_NAME = "$(TARGET_NAME)";
			};
			name = Release;
		};
		92D0EDE31BA3E74B0057DBAC /* Debug */ = {
			isa = XCBuildConfiguration;
			buildSettings = {
				BUNDLE_LOADER = "$(TEST_HOST)";
				FRAMEWORK_SEARCH_PATHS = (
					"$(SDKROOT)/Developer/Library/Frameworks",
					"$(inherited)",
				);
				GCC_PREPROCESSOR_DEFINITIONS = (
					"DEBUG=1",
					"$(inherited)",
				);
				INFOPLIST_FILE = twitterCloneAppTests/Info.plist;
				LD_RUNPATH_SEARCH_PATHS = "$(inherited) @executable_path/Frameworks @loader_path/Frameworks";
				PRODUCT_NAME = "$(TARGET_NAME)";
				TEST_HOST = "$(BUILT_PRODUCTS_DIR)/twitterCloneApp.app/twitterCloneApp";
			};
			name = Debug;
		};
		92D0EDE41BA3E74B0057DBAC /* Release */ = {
			isa = XCBuildConfiguration;
			buildSettings = {
				BUNDLE_LOADER = "$(TEST_HOST)";
				FRAMEWORK_SEARCH_PATHS = (
					"$(SDKROOT)/Developer/Library/Frameworks",
					"$(inherited)",
				);
				INFOPLIST_FILE = twitterCloneAppTests/Info.plist;
				LD_RUNPATH_SEARCH_PATHS = "$(inherited) @executable_path/Frameworks @loader_path/Frameworks";
				PRODUCT_NAME = "$(TARGET_NAME)";
				TEST_HOST = "$(BUILT_PRODUCTS_DIR)/twitterCloneApp.app/twitterCloneApp";
			};
			name = Release;
		};
/* End XCBuildConfiguration section */

/* Begin XCConfigurationList section */
		92D0EDBB1BA3E74B0057DBAC /* Build configuration list for PBXProject "twitterCloneApp" */ = {
			isa = XCConfigurationList;
			buildConfigurations = (
				92D0EDDD1BA3E74B0057DBAC /* Debug */,
				92D0EDDE1BA3E74B0057DBAC /* Release */,
			);
			defaultConfigurationIsVisible = 0;
			defaultConfigurationName = Release;
		};
		92D0EDDF1BA3E74B0057DBAC /* Build configuration list for PBXNativeTarget "twitterCloneApp" */ = {
			isa = XCConfigurationList;
			buildConfigurations = (
				92D0EDE01BA3E74B0057DBAC /* Debug */,
				92D0EDE11BA3E74B0057DBAC /* Release */,
			);
			defaultConfigurationIsVisible = 0;
		};
		92D0EDE21BA3E74B0057DBAC /* Build configuration list for PBXNativeTarget "twitterCloneAppTests" */ = {
			isa = XCConfigurationList;
			buildConfigurations = (
				92D0EDE31BA3E74B0057DBAC /* Debug */,
				92D0EDE41BA3E74B0057DBAC /* Release */,
			);
			defaultConfigurationIsVisible = 0;
		};
/* End XCConfigurationList section */
	};
	rootObject = 92D0EDB81BA3E74B0057DBAC /* Project object */;
}
